
Microsoft Visual Studio Solution File, Format Version 12.00
# Visual Studio Version 17
VisualStudioVersion = 17.9.34728.123
MinimumVisualStudioVersion = 10.0.40219.1
Project("{2150E333-8FDC-42A3-9474-1A3956D46DE8}") = "User", "User", "{694CEE22-8CAB-41BD-A42C-A1F0D0C579A5}"
EndProject
Project("{9A19103F-16F7-4668-BE54-9A1E7A4F7556}") = "User.API", "User\User.API\User.API.csproj", "{052FFB70-4383-44A5-A90D-51F919B9C129}"
EndProject
Project("{9A19103F-16F7-4668-BE54-9A1E7A4F7556}") = "User.Domain", "User\User.Domain\User.Domain.csproj", "{C8344273-060C-4A89-9D01-E298BB661A20}"
EndProject
Project("{9A19103F-16F7-4668-BE54-9A1E7A4F7556}") = "User.Infra.Data", "User\User.Infra.Data\User.Infra.Data.csproj", "{689B731A-4C23-492E-A9B4-F5F82A6D62F8}"
EndProject
Project("{9A19103F-16F7-4668-BE54-9A1E7A4F7556}") = "User.Service", "User\User.Service\User.Service.csproj", "{12786C46-F0A7-4F76-B498-BEA9A3B51DB5}"
EndProject
Project("{2150E333-8FDC-42A3-9474-1A3956D46DE8}") = "Common", "Common", "{275822C9-99C9-474B-AF41-3445CCD9C1F4}"
EndProject
Project("{9A19103F-16F7-4668-BE54-9A1E7A4F7556}") = "HealthMed.CrossCutting", "Common\HealthMed.CrossCutting\HealthMed.CrossCutting.csproj", "{8C6FBD39-0B03-4133-B1F7-066E232360D7}"
EndProject
Project("{9A19103F-16F7-4668-BE54-9A1E7A4F7556}") = "HealthMed.Domain", "Common\HealthMed.Domain\HealthMed.Domain.csproj", "{AE4064B8-1E22-4105-965B-7607895B222D}"
EndProject
Project("{9A19103F-16F7-4668-BE54-9A1E7A4F7556}") = "HealthMed.Infra.Data", "Common\HealthMed.Infra.Data\HealthMed.Infra.Data.csproj", "{203E91C1-642D-4B65-9659-CA0AE3BD89CB}"
EndProject
Project("{9A19103F-16F7-4668-BE54-9A1E7A4F7556}") = "HealthMed.Service", "Common\HealthMed.Service\HealthMed.Service.csproj", "{D461A53F-1A46-41BE-8338-E322323AB3E9}"
EndProject
Project("{9A19103F-16F7-4668-BE54-9A1E7A4F7556}") = "User.UnitTests", "User\User.UnitTests\User.UnitTests.csproj", "{1AD7DF5B-7AEB-4FD9-861B-815C7C6235D1}"
EndProject
Project("{2150E333-8FDC-42A3-9474-1A3956D46DE8}") = "Schedule", "Schedule", "{F7BD8544-1461-4BFA-AED4-07B47414FB9F}"
EndProject
Project("{9A19103F-16F7-4668-BE54-9A1E7A4F7556}") = "Schedule.Domain", "Schedule\Schedule.Domain\Schedule.Domain.csproj", "{554EEEEA-B91B-454D-9F25-1C1987367CA7}"
EndProject
Project("{9A19103F-16F7-4668-BE54-9A1E7A4F7556}") = "Schedule.Infra.Data", "Schedule\Schedule.Infra.Data\Schedule.Infra.Data.csproj", "{272A5DEB-DBEF-4839-BA78-359CFEADAD1A}"
EndProject
Project("{9A19103F-16F7-4668-BE54-9A1E7A4F7556}") = "Schedule.Service", "Schedule\Schedule.Service\Schedule.Service.csproj", "{55E471F0-EC5A-451A-9925-4C538DF08ED0}"
EndProject
Project("{9A19103F-16F7-4668-BE54-9A1E7A4F7556}") = "Schedule.API", "Schedule\Schedule.Api\Schedule.API.csproj", "{4DA9D003-8F60-4841-9918-B196436DC895}"
EndProject
Global
	GlobalSection(SolutionConfigurationPlatforms) = preSolution
		Debug|Any CPU = Debug|Any CPU
		Release|Any CPU = Release|Any CPU
	EndGlobalSection
	GlobalSection(ProjectConfigurationPlatforms) = postSolution
		{052FFB70-4383-44A5-A90D-51F919B9C129}.Debug|Any CPU.ActiveCfg = Debug|Any CPU
		{052FFB70-4383-44A5-A90D-51F919B9C129}.Debug|Any CPU.Build.0 = Debug|Any CPU
		{052FFB70-4383-44A5-A90D-51F919B9C129}.Release|Any CPU.ActiveCfg = Release|Any CPU
		{052FFB70-4383-44A5-A90D-51F919B9C129}.Release|Any CPU.Build.0 = Release|Any CPU
		{C8344273-060C-4A89-9D01-E298BB661A20}.Debug|Any CPU.ActiveCfg = Debug|Any CPU
		{C8344273-060C-4A89-9D01-E298BB661A20}.Debug|Any CPU.Build.0 = Debug|Any CPU
		{C8344273-060C-4A89-9D01-E298BB661A20}.Release|Any CPU.ActiveCfg = Release|Any CPU
		{C8344273-060C-4A89-9D01-E298BB661A20}.Release|Any CPU.Build.0 = Release|Any CPU
		{689B731A-4C23-492E-A9B4-F5F82A6D62F8}.Debug|Any CPU.ActiveCfg = Debug|Any CPU
		{689B731A-4C23-492E-A9B4-F5F82A6D62F8}.Debug|Any CPU.Build.0 = Debug|Any CPU
		{689B731A-4C23-492E-A9B4-F5F82A6D62F8}.Release|Any CPU.ActiveCfg = Release|Any CPU
		{689B731A-4C23-492E-A9B4-F5F82A6D62F8}.Release|Any CPU.Build.0 = Release|Any CPU
		{12786C46-F0A7-4F76-B498-BEA9A3B51DB5}.Debug|Any CPU.ActiveCfg = Debug|Any CPU
		{12786C46-F0A7-4F76-B498-BEA9A3B51DB5}.Debug|Any CPU.Build.0 = Debug|Any CPU
		{12786C46-F0A7-4F76-B498-BEA9A3B51DB5}.Release|Any CPU.ActiveCfg = Release|Any CPU
		{12786C46-F0A7-4F76-B498-BEA9A3B51DB5}.Release|Any CPU.Build.0 = Release|Any CPU
		{8C6FBD39-0B03-4133-B1F7-066E232360D7}.Debug|Any CPU.ActiveCfg = Debug|Any CPU
		{8C6FBD39-0B03-4133-B1F7-066E232360D7}.Debug|Any CPU.Build.0 = Debug|Any CPU
		{8C6FBD39-0B03-4133-B1F7-066E232360D7}.Release|Any CPU.ActiveCfg = Release|Any CPU
		{8C6FBD39-0B03-4133-B1F7-066E232360D7}.Release|Any CPU.Build.0 = Release|Any CPU
		{AE4064B8-1E22-4105-965B-7607895B222D}.Debug|Any CPU.ActiveCfg = Debug|Any CPU
		{AE4064B8-1E22-4105-965B-7607895B222D}.Debug|Any CPU.Build.0 = Debug|Any CPU
		{AE4064B8-1E22-4105-965B-7607895B222D}.Release|Any CPU.ActiveCfg = Release|Any CPU
		{AE4064B8-1E22-4105-965B-7607895B222D}.Release|Any CPU.Build.0 = Release|Any CPU
		{203E91C1-642D-4B65-9659-CA0AE3BD89CB}.Debug|Any CPU.ActiveCfg = Debug|Any CPU
		{203E91C1-642D-4B65-9659-CA0AE3BD89CB}.Debug|Any CPU.Build.0 = Debug|Any CPU
		{203E91C1-642D-4B65-9659-CA0AE3BD89CB}.Release|Any CPU.ActiveCfg = Release|Any CPU
		{203E91C1-642D-4B65-9659-CA0AE3BD89CB}.Release|Any CPU.Build.0 = Release|Any CPU
		{D461A53F-1A46-41BE-8338-E322323AB3E9}.Debug|Any CPU.ActiveCfg = Debug|Any CPU
		{D461A53F-1A46-41BE-8338-E322323AB3E9}.Debug|Any CPU.Build.0 = Debug|Any CPU
		{D461A53F-1A46-41BE-8338-E322323AB3E9}.Release|Any CPU.ActiveCfg = Release|Any CPU
		{D461A53F-1A46-41BE-8338-E322323AB3E9}.Release|Any CPU.Build.0 = Release|Any CPU
		{1AD7DF5B-7AEB-4FD9-861B-815C7C6235D1}.Debug|Any CPU.ActiveCfg = Debug|Any CPU
		{1AD7DF5B-7AEB-4FD9-861B-815C7C6235D1}.Debug|Any CPU.Build.0 = Debug|Any CPU
		{1AD7DF5B-7AEB-4FD9-861B-815C7C6235D1}.Release|Any CPU.ActiveCfg = Release|Any CPU
		{1AD7DF5B-7AEB-4FD9-861B-815C7C6235D1}.Release|Any CPU.Build.0 = Release|Any CPU
		{554EEEEA-B91B-454D-9F25-1C1987367CA7}.Debug|Any CPU.ActiveCfg = Debug|Any CPU
		{554EEEEA-B91B-454D-9F25-1C1987367CA7}.Debug|Any CPU.Build.0 = Debug|Any CPU
		{554EEEEA-B91B-454D-9F25-1C1987367CA7}.Release|Any CPU.ActiveCfg = Release|Any CPU
		{554EEEEA-B91B-454D-9F25-1C1987367CA7}.Release|Any CPU.Build.0 = Release|Any CPU
		{272A5DEB-DBEF-4839-BA78-359CFEADAD1A}.Debug|Any CPU.ActiveCfg = Debug|Any CPU
		{272A5DEB-DBEF-4839-BA78-359CFEADAD1A}.Debug|Any CPU.Build.0 = Debug|Any CPU
		{272A5DEB-DBEF-4839-BA78-359CFEADAD1A}.Release|Any CPU.ActiveCfg = Release|Any CPU
		{272A5DEB-DBEF-4839-BA78-359CFEADAD1A}.Release|Any CPU.Build.0 = Release|Any CPU
		{55E471F0-EC5A-451A-9925-4C538DF08ED0}.Debug|Any CPU.ActiveCfg = Debug|Any CPU
		{55E471F0-EC5A-451A-9925-4C538DF08ED0}.Debug|Any CPU.Build.0 = Debug|Any CPU
		{55E471F0-EC5A-451A-9925-4C538DF08ED0}.Release|Any CPU.ActiveCfg = Release|Any CPU
		{55E471F0-EC5A-451A-9925-4C538DF08ED0}.Release|Any CPU.Build.0 = Release|Any CPU
		{4DA9D003-8F60-4841-9918-B196436DC895}.Debug|Any CPU.ActiveCfg = Debug|Any CPU
		{4DA9D003-8F60-4841-9918-B196436DC895}.Debug|Any CPU.Build.0 = Debug|Any CPU
		{4DA9D003-8F60-4841-9918-B196436DC895}.Release|Any CPU.ActiveCfg = Release|Any CPU
		{4DA9D003-8F60-4841-9918-B196436DC895}.Release|Any CPU.Build.0 = Release|Any CPU
	EndGlobalSection
	GlobalSection(SolutionProperties) = preSolution
		HideSolutionNode = FALSE
	EndGlobalSection
	GlobalSection(NestedProjects) = preSolution
		{052FFB70-4383-44A5-A90D-51F919B9C129} = {694CEE22-8CAB-41BD-A42C-A1F0D0C579A5}
		{C8344273-060C-4A89-9D01-E298BB661A20} = {694CEE22-8CAB-41BD-A42C-A1F0D0C579A5}
		{689B731A-4C23-492E-A9B4-F5F82A6D62F8} = {694CEE22-8CAB-41BD-A42C-A1F0D0C579A5}
		{12786C46-F0A7-4F76-B498-BEA9A3B51DB5} = {694CEE22-8CAB-41BD-A42C-A1F0D0C579A5}
		{8C6FBD39-0B03-4133-B1F7-066E232360D7} = {275822C9-99C9-474B-AF41-3445CCD9C1F4}
		{AE4064B8-1E22-4105-965B-7607895B222D} = {275822C9-99C9-474B-AF41-3445CCD9C1F4}
		{203E91C1-642D-4B65-9659-CA0AE3BD89CB} = {275822C9-99C9-474B-AF41-3445CCD9C1F4}
		{D461A53F-1A46-41BE-8338-E322323AB3E9} = {275822C9-99C9-474B-AF41-3445CCD9C1F4}
		{1AD7DF5B-7AEB-4FD9-861B-815C7C6235D1} = {694CEE22-8CAB-41BD-A42C-A1F0D0C579A5}
		{554EEEEA-B91B-454D-9F25-1C1987367CA7} = {F7BD8544-1461-4BFA-AED4-07B47414FB9F}
		{272A5DEB-DBEF-4839-BA78-359CFEADAD1A} = {F7BD8544-1461-4BFA-AED4-07B47414FB9F}
		{55E471F0-EC5A-451A-9925-4C538DF08ED0} = {F7BD8544-1461-4BFA-AED4-07B47414FB9F}
		{4DA9D003-8F60-4841-9918-B196436DC895} = {F7BD8544-1461-4BFA-AED4-07B47414FB9F}
	EndGlobalSection
	GlobalSection(ExtensibilityGlobals) = postSolution
		SolutionGuid = {7AE75A7C-A28A-4BAC-A79A-446447CB9264}
	EndGlobalSection
EndGlobal
